{
  "name": "use-immer",
  "version": "0.0.1",
  "lockfileVersion": 1,
  "requires": true,
  "dependencies": {
    "immer": {
      "version": "1.7.3",
      "resolved": "https://registry.npmjs.org/immer/-/immer-1.7.3.tgz",
      "integrity": "sha512-vmgik/m1H8wmG9hDDeO0bjlKdm1R3MAvfmlBEMLFBYy5q+ZhUTqgRD+iWjnbCGHIQEc64UOVUaRNaAG3kK7nLw=="
    }
  }
}
